
Microsoft Visual Studio Solution File, Format Version 12.00
# Visual Studio Version 17
VisualStudioVersion = 17.10.35122.118
MinimumVisualStudioVersion = 10.0.40219.1
Project("{FAE04EC0-301F-11D3-BF4B-00C04F79EFBC}") = "1.Control_Statement", "1.Control_Statement\1.Control_Statement.csproj", "{210E62FA-299F-4485-A7EA-BBE7C1E4CA95}"
EndProject
Project("{FAE04EC0-301F-11D3-BF4B-00C04F79EFBC}") = "2.Functions", "2.Functions\2.Functions.csproj", "{DE0E6871-A3A4-49AD-B3AA-228FED0BEC74}"
EndProject
Project("{FAE04EC0-301F-11D3-BF4B-00C04F79EFBC}") = "3.Arrays", "3.Arrays\3.Arrays.csproj", "{994695DB-8DCB-4E70-B423-304D103C2264}"
EndProject
Project("{9A19103F-16F7-4668-BE54-9A1E7A4F7556}") = "4.Object&Class", "4.Object&Class\4.Object&Class.csproj", "{5263580F-AFBA-4048-91A3-E1EB712389B1}"
EndProject
Project("{FAE04EC0-301F-11D3-BF4B-00C04F79EFBC}") = "5.Properties", "5.Properties\5.Properties.csproj", "{E0E6C304-1ABF-440B-956F-D990B609766F}"
EndProject
Project("{FAE04EC0-301F-11D3-BF4B-00C04F79EFBC}") = "Inheritance", "Inheritance\Inheritance.csproj", "{3A9D1E16-FA86-40ED-A7CB-D242A494B07A}"
EndProject
Global
	GlobalSection(SolutionConfigurationPlatforms) = preSolution
		Debug|Any CPU = Debug|Any CPU
		Release|Any CPU = Release|Any CPU
	EndGlobalSection
	GlobalSection(ProjectConfigurationPlatforms) = postSolution
		{210E62FA-299F-4485-A7EA-BBE7C1E4CA95}.Debug|Any CPU.ActiveCfg = Debug|Any CPU
		{210E62FA-299F-4485-A7EA-BBE7C1E4CA95}.Debug|Any CPU.Build.0 = Debug|Any CPU
		{210E62FA-299F-4485-A7EA-BBE7C1E4CA95}.Release|Any CPU.ActiveCfg = Release|Any CPU
		{210E62FA-299F-4485-A7EA-BBE7C1E4CA95}.Release|Any CPU.Build.0 = Release|Any CPU
		{DE0E6871-A3A4-49AD-B3AA-228FED0BEC74}.Debug|Any CPU.ActiveCfg = Debug|Any CPU
		{DE0E6871-A3A4-49AD-B3AA-228FED0BEC74}.Debug|Any CPU.Build.0 = Debug|Any CPU
		{DE0E6871-A3A4-49AD-B3AA-228FED0BEC74}.Release|Any CPU.ActiveCfg = Release|Any CPU
		{DE0E6871-A3A4-49AD-B3AA-228FED0BEC74}.Release|Any CPU.Build.0 = Release|Any CPU
		{994695DB-8DCB-4E70-B423-304D103C2264}.Debug|Any CPU.ActiveCfg = Debug|Any CPU
		{994695DB-8DCB-4E70-B423-304D103C2264}.Debug|Any CPU.Build.0 = Debug|Any CPU
		{994695DB-8DCB-4E70-B423-304D103C2264}.Release|Any CPU.ActiveCfg = Release|Any CPU
		{994695DB-8DCB-4E70-B423-304D103C2264}.Release|Any CPU.Build.0 = Release|Any CPU
		{5263580F-AFBA-4048-91A3-E1EB712389B1}.Debug|Any CPU.ActiveCfg = Debug|Any CPU
		{5263580F-AFBA-4048-91A3-E1EB712389B1}.Debug|Any CPU.Build.0 = Debug|Any CPU
		{5263580F-AFBA-4048-91A3-E1EB712389B1}.Release|Any CPU.ActiveCfg = Release|Any CPU
		{5263580F-AFBA-4048-91A3-E1EB712389B1}.Release|Any CPU.Build.0 = Release|Any CPU
		{E0E6C304-1ABF-440B-956F-D990B609766F}.Debug|Any CPU.ActiveCfg = Debug|Any CPU
		{E0E6C304-1ABF-440B-956F-D990B609766F}.Debug|Any CPU.Build.0 = Debug|Any CPU
		{E0E6C304-1ABF-440B-956F-D990B609766F}.Release|Any CPU.ActiveCfg = Release|Any CPU
		{E0E6C304-1ABF-440B-956F-D990B609766F}.Release|Any CPU.Build.0 = Release|Any CPU
		{3A9D1E16-FA86-40ED-A7CB-D242A494B07A}.Debug|Any CPU.ActiveCfg = Debug|Any CPU
		{3A9D1E16-FA86-40ED-A7CB-D242A494B07A}.Debug|Any CPU.Build.0 = Debug|Any CPU
		{3A9D1E16-FA86-40ED-A7CB-D242A494B07A}.Release|Any CPU.ActiveCfg = Release|Any CPU
		{3A9D1E16-FA86-40ED-A7CB-D242A494B07A}.Release|Any CPU.Build.0 = Release|Any CPU
	EndGlobalSection
	GlobalSection(SolutionProperties) = preSolution
		HideSolutionNode = FALSE
	EndGlobalSection
	GlobalSection(ExtensibilityGlobals) = postSolution
		SolutionGuid = {4D07C35E-D1C5-45D9-8720-79C0B89BCE0C}
	EndGlobalSection
EndGlobal
